
Microsoft Visual Studio Solution File, Format Version 12.00
# Visual Studio Version 17
VisualStudioVersion = 17.3.32929.385
MinimumVisualStudioVersion = 10.0.40219.1
Project("{FAE04EC0-301F-11D3-BF4B-00C04F79EFBC}") = "NavTech", "NavTech\NavTech.csproj", "{ECA9B671-3E6F-4729-B3A6-A48C8135F869}"
EndProject
Global
	GlobalSection(SolutionConfigurationPlatforms) = preSolution
		Debug|Any CPU = Debug|Any CPU
		Release|Any CPU = Release|Any CPU
	EndGlobalSection
	GlobalSection(ProjectConfigurationPlatforms) = postSolution
		{ECA9B671-3E6F-4729-B3A6-A48C8135F869}.Debug|Any CPU.ActiveCfg = Debug|Any CPU
		{ECA9B671-3E6F-4729-B3A6-A48C8135F869}.Debug|Any CPU.Build.0 = Debug|Any CPU
		{ECA9B671-3E6F-4729-B3A6-A48C8135F869}.Release|Any CPU.ActiveCfg = Release|Any CPU
		{ECA9B671-3E6F-4729-B3A6-A48C8135F869}.Release|Any CPU.Build.0 = Release|Any CPU
	EndGlobalSection
	GlobalSection(SolutionProperties) = preSolution
		HideSolutionNode = FALSE
	EndGlobalSection
	GlobalSection(ExtensibilityGlobals) = postSolution
		SolutionGuid = {05526223-AA54-45DA-B310-3610FA430937}
	EndGlobalSection
EndGlobal
